
Microsoft Visual Studio Solution File, Format Version 12.00
# Visual Studio 15
VisualStudioVersion = 15.0.28010.2046
MinimumVisualStudioVersion = 10.0.40219.1
Project("{FAE04EC0-301F-11D3-BF4B-00C04F79EFBC}") = "TelloAPITestApp", "TelloAPI\TelloAPITestApp.csproj", "{E1FBE119-3D68-4ECD-AF86-DF2D0CB950BD}"
EndProject
Project("{FAE04EC0-301F-11D3-BF4B-00C04F79EFBC}") = "TelloAPI", "ClassLibrary1\TelloAPI.csproj", "{A5371C19-637D-48F7-9758-EEC7518A5757}"
EndProject
Global
	GlobalSection(SolutionConfigurationPlatforms) = preSolution
		Debug|Any CPU = Debug|Any CPU
		Release|Any CPU = Release|Any CPU
	EndGlobalSection
	GlobalSection(ProjectConfigurationPlatforms) = postSolution
		{E1FBE119-3D68-4ECD-AF86-DF2D0CB950BD}.Debug|Any CPU.ActiveCfg = Debug|Any CPU
		{E1FBE119-3D68-4ECD-AF86-DF2D0CB950BD}.Debug|Any CPU.Build.0 = Debug|Any CPU
		{E1FBE119-3D68-4ECD-AF86-DF2D0CB950BD}.Release|Any CPU.ActiveCfg = Release|Any CPU
		{E1FBE119-3D68-4ECD-AF86-DF2D0CB950BD}.Release|Any CPU.Build.0 = Release|Any CPU
		{A5371C19-637D-48F7-9758-EEC7518A5757}.Debug|Any CPU.ActiveCfg = Debug|Any CPU
		{A5371C19-637D-48F7-9758-EEC7518A5757}.Debug|Any CPU.Build.0 = Debug|Any CPU
		{A5371C19-637D-48F7-9758-EEC7518A5757}.Release|Any CPU.ActiveCfg = Release|Any CPU
		{A5371C19-637D-48F7-9758-EEC7518A5757}.Release|Any CPU.Build.0 = Release|Any CPU
	EndGlobalSection
	GlobalSection(SolutionProperties) = preSolution
		HideSolutionNode = FALSE
	EndGlobalSection
	GlobalSection(ExtensibilityGlobals) = postSolution
		SolutionGuid = {6A55AF35-7941-485D-9765-C799DCB44165}
	EndGlobalSection
EndGlobal
